
Microsoft Visual Studio Solution File, Format Version 12.00
# Visual Studio Version 16
VisualStudioVersion = 16.0.31911.196
MinimumVisualStudioVersion = 10.0.40219.1
Project("{FAE04EC0-301F-11D3-BF4B-00C04F79EFBC}") = "TestLab", "TestLab\TestLab.csproj", "{F7A94128-D9BA-43AE-8223-6D60DD8259E5}"
EndProject
Global
	GlobalSection(SolutionConfigurationPlatforms) = preSolution
		Debug|Any CPU = Debug|Any CPU
		Release|Any CPU = Release|Any CPU
	EndGlobalSection
	GlobalSection(ProjectConfigurationPlatforms) = postSolution
		{F7A94128-D9BA-43AE-8223-6D60DD8259E5}.Debug|Any CPU.ActiveCfg = Debug|Any CPU
		{F7A94128-D9BA-43AE-8223-6D60DD8259E5}.Debug|Any CPU.Build.0 = Debug|Any CPU
		{F7A94128-D9BA-43AE-8223-6D60DD8259E5}.Release|Any CPU.ActiveCfg = Release|Any CPU
		{F7A94128-D9BA-43AE-8223-6D60DD8259E5}.Release|Any CPU.Build.0 = Release|Any CPU
	EndGlobalSection
	GlobalSection(SolutionProperties) = preSolution
		HideSolutionNode = FALSE
	EndGlobalSection
	GlobalSection(ExtensibilityGlobals) = postSolution
		SolutionGuid = {DFBD6CBA-6C1A-4A61-925B-CDFCC529107D}
	EndGlobalSection
EndGlobal
